{
  "name": "profile2",
  "version": "1.0.0",
  "lockfileVersion": 3,
  "requires": true,
  "packages": {
    "": {
      "name": "profile2",
      "version": "1.0.0",
      "license": "ISC",
      "devDependencies": {
        "@fontsource/hubot-sans": "^5.3.0",
        "@fontsource/mona-sans": "^5.3.0",
        "@fontsource/monaspace-neon": "^5.3.0",
        "@primer/octicons": "^19.38.0",
        "@primer/primitives": "^11.10.0",
        "simple-icons": "^16.32.0",
        "subset-font": "^2.9.0"
      }
    },
    "node_modules/@fontsource/hubot-sans": {
      "version": "5.3.0",
      "resolved": "https://registry.npmjs.org/@fontsource/hubot-sans/-/hubot-sans-5.3.0.tgz",
      "integrity": "sha512-bpvfgSuypgVQs+X8nLU8I5URS/gEPRQJ5/3axWeNQc5nBRglKgvhjRS0qOCM43omPk7QjkeivS51q7bMNpJrSg==",
      "dev": true,
      "license": "OFL-1.1",
      "funding": {
        "url": "https://github.com/sponsors/ayuhito"
      }
    },
    "node_modules/@fontsource/mona-sans": {
      "version": "5.3.0",
      "resolved": "https://registry.npmjs.org/@fontsource/mona-sans/-/mona-sans-5.3.0.tgz",
      "integrity": "sha512-+K4yLnbbtNfYuR1Znpq9kWEJUYD1W0yQ5DhWde93lC3O8VHXtydoM0bHZBvO6DofIYEXgZlZU14A9yFClisL+g==",
      "dev": true,
      "license": "OFL-1.1",
      "funding": {
        "url": "https://github.com/sponsors/ayuhito"
      }
    },
    "node_modules/@fontsource/monaspace-neon": {
      "version": "5.3.0",
      "resolved": "https://registry.npmjs.org/@fontsource/monaspace-neon/-/monaspace-neon-5.3.0.tgz",
      "integrity": "sha512-a4B4L4nmW+mW42gDb6JUugy2fA3DC0QKi2yRMXKzuNsN+wHhUvrqgYndIBMds+Evq/cWaMJgd06x14dHuBNxwA==",
      "dev": true,
      "license": "OFL-1.1",
      "funding": {
        "url": "https://github.com/sponsors/ayuhito"
      }
    },
    "node_modules/@primer/octicons": {
      "version": "19.38.0",
      "resolved": "https://registry.npmjs.org/@primer/octicons/-/octicons-19.38.0.tgz",
      "integrity": "sha512-YUU2R66aDm72CdjlTyD663sCAjILrHWK2czw+BdTUkzZfcB7bXfO6GNXm22sepLOWKPkLHezVjIHch/KNd8rMg==",
      "dev": true,
      "license": "MIT",
      "dependencies": {
        "object-assign": "^4.1.1"
      }
    },
    "node_modules/@primer/primitives": {
      "version": "11.10.0",
      "resolved": "https://registry.npmjs.org/@primer/primitives/-/primitives-11.10.0.tgz",
      "integrity": "sha512-ihZxIst4Izry284StKFjpbYvX6R/IBFTLu+qiuAmR93PsKF2hdjoabhSYwKI8iCxOUx94jVP55bI3NoY7STjYQ==",
      "dev": true,
      "license": "MIT",
      "workspaces": [
        ".",
        "docs/storybook"
      ]
    },
    "node_modules/argparse": {
      "version": "2.0.1",
      "resolved": "https://registry.npmjs.org/argparse/-/argparse-2.0.1.tgz",
      "integrity": "sha512-8+9WqebbFzpX9OR+Wa6O29asIogeRMzcGtAINdpMHHyAg10f05aSFVBbcEqGf/PXw1EjAZ+q2/bEBg3DvurK3Q==",
      "dev": true,
      "license": "Python-2.0"
    },
    "node_modules/fontverter": {
      "version": "2.0.0",
      "resolved": "https://registry.npmjs.org/fontverter/-/fontverter-2.0.0.tgz",
      "integrity": "sha512-DFVX5hvXuhi1Jven1tbpebYTCT9XYnvx6/Z+HFUPb7ZRMCW+pj2clU9VMhoTPgWKPhAs7JJDSk3CW1jNUvKCZQ==",
      "dev": true,
      "license": "BSD-3-Clause",
      "dependencies": {
        "wawoff2": "^2.0.0",
        "woff2sfnt-sfnt2woff": "^1.0.0"
      }
    },
    "node_modules/harfbuzzjs": {
      "version": "1.6.2",
      "resolved": "https://registry.npmjs.org/harfbuzzjs/-/harfbuzzjs-1.6.2.tgz",
      "integrity": "sha512-95c1vWuzoHjM19d5fQgPbz1wcv1pTa0UM9dZrdPgSMUEVuSwuzeVPkq6UhHHw3jLOkE9AYzzTP8XQkRBpPYpEg==",
      "dev": true,
      "license": "MIT"
    },
    "node_modules/object-assign": {
      "version": "4.1.1",
      "resolved": "https://registry.npmjs.org/object-assign/-/object-assign-4.1.1.tgz",
      "integrity": "sha512-rJgTQnkUnH1sFw8yT6VSU3zD3sWmu6sZhIseY8VX+GRu3P6F7Fu+JNDoXfklElbLJSnc3FUQHVe4cU5hj+BcUg==",
      "dev": true,
      "license": "MIT",
      "engines": {
        "node": ">=0.10.0"
      }
    },
    "node_modules/p-limit": {
      "version": "3.1.0",
      "resolved": "https://registry.npmjs.org/p-limit/-/p-limit-3.1.0.tgz",
      "integrity": "sha512-TYOanM3wGwNGsZN2cVTYPArw454xnXj5qmWF1bEoAc4+cU/ol7GVh7odevjp1FNHduHc3KZMcFduxU5Xc6uJRQ==",
      "dev": true,
      "license": "MIT",
      "dependencies": {
        "yocto-queue": "^0.1.0"
      },
      "engines": {
        "node": ">=10"
      },
      "funding": {
        "url": "https://github.com/sponsors/sindresorhus"
      }
    },
    "node_modules/pako": {
      "version": "1.0.11",
      "resolved": "https://registry.npmjs.org/pako/-/pako-1.0.11.tgz",
      "integrity": "sha512-4hLB8Py4zZce5s4yd9XzopqwVv/yGNhV1Bl8NTmCq1763HeK2+EwVTv+leGeL13Dnh2wfbqowVPXCIO0z4taYw==",
      "dev": true,
      "license": "(MIT AND Zlib)"
    },
    "node_modules/simple-icons": {
      "version": "16.32.0",
      "resolved": "https://registry.npmjs.org/simple-icons/-/simple-icons-16.32.0.tgz",
      "integrity": "sha512-BwqATHxAulx7X6kNdTkecy7PBjLkgtAHcgrwYLd9iA+cD2At9DzhJwdwaSELk2+aZe01IfiM/Wxtyp68Dvup2A==",
      "dev": true,
      "funding": [
        {
          "type": "opencollective",
          "url": "https://opencollective.com/simple-icons"
        },
        {
          "type": "github",
          "url": "https://github.com/sponsors/simple-icons"
        }
      ],
      "license": "CC0-1.0",
      "engines": {
        "node": ">=0.12.18"
      }
    },
    "node_modules/subset-font": {
      "version": "2.9.0",
      "resolved": "https://registry.npmjs.org/subset-font/-/subset-font-2.9.0.tgz",
      "integrity": "sha512-WJulQeFwbewrXIGcLJbSZFWI44fHW8gNRuPzLywfDL8w38IPRbN1JFxwG76aoohw9kcFdvjVIn2QmID1iy119A==",
      "dev": true,
      "license": "BSD-3-Clause",
      "dependencies": {
        "fontverter": "^2.0.0",
        "harfbuzzjs": "^1.6.1",
        "p-limit": "^3.1.0"
      }
    },
    "node_modules/wawoff2": {
      "version": "2.0.1",
      "resolved": "https://registry.npmjs.org/wawoff2/-/wawoff2-2.0.1.tgz",
      "integrity": "sha512-r0CEmvpH63r4T15ebFqeOjGqU4+EgTx4I510NtK35EMciSdcTxCw3Byy3JnBonz7iyIFZ0AbVo0bbFpEVuhCYA==",
      "dev": true,
      "license": "MIT",
      "dependencies": {
        "argparse": "^2.0.1"
      },
      "bin": {
        "woff2_compress.js": "bin/woff2_compress.js",
        "woff2_decompress.js": "bin/woff2_decompress.js"
      }
    },
    "node_modules/woff2sfnt-sfnt2woff": {
      "version": "1.0.0",
      "resolved": "https://registry.npmjs.org/woff2sfnt-sfnt2woff/-/woff2sfnt-sfnt2woff-1.0.0.tgz",
      "integrity": "sha512-edK4COc1c1EpRfMqCZO1xJOvdUtM5dbVb9iz97rScvnTevqEB3GllnLWCmMVp1MfQBdF1DFg/11I0rSyAdS4qQ==",
      "dev": true,
      "license": "MIT",
      "dependencies": {
        "pako": "^1.0.7"
      }
    },
    "node_modules/yocto-queue": {
      "version": "0.1.0",
      "resolved": "https://registry.npmjs.org/yocto-queue/-/yocto-queue-0.1.0.tgz",
      "integrity": "sha512-rVksvsnNCdJ/ohGc6xgPwyN8eheCxsiLM8mxuE/t/mOVqJewPuO1miLpTHQiRgTKCLexL4MeAFVagts7HmNZ2Q==",
      "dev": true,
      "license": "MIT",
      "engines": {
        "node": ">=10"
      },
      "funding": {
        "url": "https://github.com/sponsors/sindresorhus"
      }
    }
  }
}
